// !$*UTF8*$!
{
	archiveVersion = 1;
	classes = {
	};
	objectVersion = 50;
	objects = {

/* Begin PBXBuildFile section */
		25D5036AB8B33C4006878EBA /* Pods_ChallengeCountries.framework in Frameworks */ = {isa = PBXBuildFile; fileRef = 4D91832DDBA78183F7FAD727 /* Pods_ChallengeCountries.framework */; };
		7A003C1021391ACA0058F246 /* Countries.xcdatamodeld in Sources */ = {isa = PBXBuildFile; fileRef = 7A003C0E21391ACA0058F246 /* Countries.xcdatamodeld */; };
		7A596E9A213452A900A57627 /* FileManager+Extension.swift in Sources */ = {isa = PBXBuildFile; fileRef = 7A596E99213452A900A57627 /* FileManager+Extension.swift */; };
		7A596E9C213464FC00A57627 /* CountriesListData.swift in Sources */ = {isa = PBXBuildFile; fileRef = 7A596E9B213464FC00A57627 /* CountriesListData.swift */; };
		7A596E9E2134707500A57627 /* DownloadablePhoto.swift in Sources */ = {isa = PBXBuildFile; fileRef = 7A596E9D2134707500A57627 /* DownloadablePhoto.swift */; };
		7AFBC1A0210EF9CA00FDA653 /* AppDelegate.swift in Sources */ = {isa = PBXBuildFile; fileRef = 7AFBC19F210EF9CA00FDA653 /* AppDelegate.swift */; };
		7AFBC1A2210EF9CA00FDA653 /* CountriesListViewController.swift in Sources */ = {isa = PBXBuildFile; fileRef = 7AFBC1A1210EF9CA00FDA653 /* CountriesListViewController.swift */; };
		7AFBC1A5210EF9CA00FDA653 /* Main.storyboard in Resources */ = {isa = PBXBuildFile; fileRef = 7AFBC1A3210EF9CA00FDA653 /* Main.storyboard */; };
		7AFBC1A7210EF9CB00FDA653 /* Assets.xcassets in Resources */ = {isa = PBXBuildFile; fileRef = 7AFBC1A6210EF9CB00FDA653 /* Assets.xcassets */; };
		7AFBC1AA210EF9CB00FDA653 /* LaunchScreen.storyboard in Resources */ = {isa = PBXBuildFile; fileRef = 7AFBC1A8210EF9CB00FDA653 /* LaunchScreen.storyboard */; };
		7AFBC1B2210EFD2E00FDA653 /* Country.swift in Sources */ = {isa = PBXBuildFile; fileRef = 7AFBC1B1210EFD2E00FDA653 /* Country.swift */; };
		7AFBC1B4210F035D00FDA653 /* CountriesRepo.swift in Sources */ = {isa = PBXBuildFile; fileRef = 7AFBC1B3210F035D00FDA653 /* CountriesRepo.swift */; };
		7AFBC1B62110674800FDA653 /* CountriesJSONParser.swift in Sources */ = {isa = PBXBuildFile; fileRef = 7AFBC1B52110674800FDA653 /* CountriesJSONParser.swift */; };
		7AFBC1B821119D5D00FDA653 /* CountryCell.swift in Sources */ = {isa = PBXBuildFile; fileRef = 7AFBC1B721119D5D00FDA653 /* CountryCell.swift */; };
		7AFBC1BA2111D34200FDA653 /* CountryDetailsViewController.swift in Sources */ = {isa = PBXBuildFile; fileRef = 7AFBC1B92111D34200FDA653 /* CountryDetailsViewController.swift */; };
		7AFBC1BC21131A5500FDA653 /* CountriesNavigationController.swift in Sources */ = {isa = PBXBuildFile; fileRef = 7AFBC1BB21131A5500FDA653 /* CountriesNavigationController.swift */; };
		7AFBC1C6211ADA3F00FDA653 /* ImageSliderView.swift in Sources */ = {isa = PBXBuildFile; fileRef = 7AFBC1C5211ADA3F00FDA653 /* ImageSliderView.swift */; };
/* End PBXBuildFile section */

/* Begin PBXFileReference section */
		36F3D6A79C74248C57313CDF /* Pods-ChallengeCountries.debug.xcconfig */ = {isa = PBXFileReference; includeInIndex = 1; lastKnownFileType = text.xcconfig; name = "Pods-ChallengeCountries.debug.xcconfig"; path = "Pods/Target Support Files/Pods-ChallengeCountries/Pods-ChallengeCountries.debug.xcconfig"; sourceTree = "<group>"; };
		4D91832DDBA78183F7FAD727 /* Pods_ChallengeCountries.framework */ = {isa = PBXFileReference; explicitFileType = wrapper.framework; includeInIndex = 0; path = Pods_ChallengeCountries.framework; sourceTree = BUILT_PRODUCTS_DIR; };
		7A003C0F21391ACA0058F246 /* Countries.xcdatamodel */ = {isa = PBXFileReference; lastKnownFileType = wrapper.xcdatamodel; path = Countries.xcdatamodel; sourceTree = "<group>"; };
		7A596E99213452A900A57627 /* FileManager+Extension.swift */ = {isa = PBXFileReference; lastKnownFileType = sourcecode.swift; path = "FileManager+Extension.swift"; sourceTree = "<group>"; };
		7A596E9B213464FC00A57627 /* CountriesListData.swift */ = {isa = PBXFileReference; lastKnownFileType = sourcecode.swift; path = CountriesListData.swift; sourceTree = "<group>"; };
		7A596E9D2134707500A57627 /* DownloadablePhoto.swift */ = {isa = PBXFileReference; lastKnownFileType = sourcecode.swift; path = DownloadablePhoto.swift; sourceTree = "<group>"; };
		7AFBC19C210EF9CA00FDA653 /* ChallengeCountries.app */ = {isa = PBXFileReference; explicitFileType = wrapper.application; includeInIndex = 0; path = ChallengeCountries.app; sourceTree = BUILT_PRODUCTS_DIR; };
		7AFBC19F210EF9CA00FDA653 /* AppDelegate.swift */ = {isa = PBXFileReference; lastKnownFileType = sourcecode.swift; path = AppDelegate.swift; sourceTree = "<group>"; };
		7AFBC1A1210EF9CA00FDA653 /* CountriesListViewController.swift */ = {isa = PBXFileReference; lastKnownFileType = sourcecode.swift; path = CountriesListViewController.swift; sourceTree = "<group>"; };
		7AFBC1A4210EF9CA00FDA653 /* Base */ = {isa = PBXFileReference; lastKnownFileType = file.storyboard; name = Base; path = Base.lproj/Main.storyboard; sourceTree = "<group>"; };
		7AFBC1A6210EF9CB00FDA653 /* Assets.xcassets */ = {isa = PBXFileReference; lastKnownFileType = folder.assetcatalog; path = Assets.xcassets; sourceTree = "<group>"; };
		7AFBC1A9210EF9CB00FDA653 /* Base */ = {isa = PBXFileReference; lastKnownFileType = file.storyboard; name = Base; path = Base.lproj/LaunchScreen.storyboard; sourceTree = "<group>"; };
		7AFBC1AB210EF9CB00FDA653 /* Info.plist */ = {isa = PBXFileReference; lastKnownFileType = text.plist.xml; path = Info.plist; sourceTree = "<group>"; };
		7AFBC1B1210EFD2E00FDA653 /* Country.swift */ = {isa = PBXFileReference; lastKnownFileType = sourcecode.swift; path = Country.swift; sourceTree = "<group>"; };
		7AFBC1B3210F035D00FDA653 /* CountriesRepo.swift */ = {isa = PBXFileReference; lastKnownFileType = sourcecode.swift; path = CountriesRepo.swift; sourceTree = "<group>"; };
		7AFBC1B52110674800FDA653 /* CountriesJSONParser.swift */ = {isa = PBXFileReference; lastKnownFileType = sourcecode.swift; path = CountriesJSONParser.swift; sourceTree = "<group>"; };
		7AFBC1B721119D5D00FDA653 /* CountryCell.swift */ = {isa = PBXFileReference; lastKnownFileType = sourcecode.swift; path = CountryCell.swift; sourceTree = "<group>"; };
		7AFBC1B92111D34200FDA653 /* CountryDetailsViewController.swift */ = {isa = PBXFileReference; lastKnownFileType = sourcecode.swift; path = CountryDetailsViewController.swift; sourceTree = "<group>"; };
		7AFBC1BB21131A5500FDA653 /* CountriesNavigationController.swift */ = {isa = PBXFileReference; lastKnownFileType = sourcecode.swift; path = CountriesNavigationController.swift; sourceTree = "<group>"; };
		7AFBC1C5211ADA3F00FDA653 /* ImageSliderView.swift */ = {isa = PBXFileReference; lastKnownFileType = sourcecode.swift; path = ImageSliderView.swift; sourceTree = "<group>"; };
		F639598D4DB6DD558913620C /* Pods-ChallengeCountries.release.xcconfig */ = {isa = PBXFileReference; includeInIndex = 1; lastKnownFileType = text.xcconfig; name = "Pods-ChallengeCountries.release.xcconfig"; path = "Pods/Target Support Files/Pods-ChallengeCountries/Pods-ChallengeCountries.release.xcconfig"; sourceTree = "<group>"; };
/* End PBXFileReference section */

/* Begin PBXFrameworksBuildPhase section */
		7AFBC199210EF9CA00FDA653 /* Frameworks */ = {
			isa = PBXFrameworksBuildPhase;
			buildActionMask = 2147483647;
			files = (
				25D5036AB8B33C4006878EBA /* Pods_ChallengeCountries.framework in Frameworks */,
			);
			runOnlyForDeploymentPostprocessing = 0;
		};
/* End PBXFrameworksBuildPhase section */

/* Begin PBXGroup section */
		7AFBC193210EF9CA00FDA653 = {
			isa = PBXGroup;
			children = (
				7AFBC19E210EF9CA00FDA653 /* ChallengeCountries */,
				7AFBC19D210EF9CA00FDA653 /* Products */,
				7D41F4D548B7F3145AABE581 /* Pods */,
				C45A857BD798EFD76F04171B /* Frameworks */,
			);
			sourceTree = "<group>";
		};
		7AFBC19D210EF9CA00FDA653 /* Products */ = {
			isa = PBXGroup;
			children = (
				7AFBC19C210EF9CA00FDA653 /* ChallengeCountries.app */,
			);
			name = Products;
			sourceTree = "<group>";
		};
		7AFBC19E210EF9CA00FDA653 /* ChallengeCountries */ = {
			isa = PBXGroup;
			children = (
				7AFBC1A3210EF9CA00FDA653 /* Main.storyboard */,
				7A003C0E21391ACA0058F246 /* Countries.xcdatamodeld */,
				7AFBC1BB21131A5500FDA653 /* CountriesNavigationController.swift */,
				7AFBC1A1210EF9CA00FDA653 /* CountriesListViewController.swift */,
				7AFBC1B721119D5D00FDA653 /* CountryCell.swift */,
				7AFBC1B92111D34200FDA653 /* CountryDetailsViewController.swift */,
				7AFBC1C5211ADA3F00FDA653 /* ImageSliderView.swift */,
				7AFBC1B1210EFD2E00FDA653 /* Country.swift */,
				7A596E9D2134707500A57627 /* DownloadablePhoto.swift */,
				7A596E9B213464FC00A57627 /* CountriesListData.swift */,
				7AFBC1B3210F035D00FDA653 /* CountriesRepo.swift */,
				7A596E99213452A900A57627 /* FileManager+Extension.swift */,
				7AFBC1B52110674800FDA653 /* CountriesJSONParser.swift */,
				7AFBC19F210EF9CA00FDA653 /* AppDelegate.swift */,
				7AFBC1A6210EF9CB00FDA653 /* Assets.xcassets */,
				7AFBC1A8210EF9CB00FDA653 /* LaunchScreen.storyboard */,
				7AFBC1AB210EF9CB00FDA653 /* Info.plist */,
			);
			path = ChallengeCountries;
			sourceTree = "<group>";
		};
		7D41F4D548B7F3145AABE581 /* Pods */ = {
			isa = PBXGroup;
			children = (
				36F3D6A79C74248C57313CDF /* Pods-ChallengeCountries.debug.xcconfig */,
				F639598D4DB6DD558913620C /* Pods-ChallengeCountries.release.xcconfig */,
			);
			name = Pods;
			sourceTree = "<group>";
		};
		C45A857BD798EFD76F04171B /* Frameworks */ = {
			isa = PBXGroup;
			children = (
				4D91832DDBA78183F7FAD727 /* Pods_ChallengeCountries.framework */,
			);
			name = Frameworks;
			sourceTree = "<group>";
		};
/* End PBXGroup section */

/* Begin PBXNativeTarget section */
		7AFBC19B210EF9CA00FDA653 /* ChallengeCountries */ = {
			isa = PBXNativeTarget;
			buildConfigurationList = 7AFBC1AE210EF9CB00FDA653 /* Build configuration list for PBXNativeTarget "ChallengeCountries" */;
			buildPhases = (
				F79B7996A0E183FE8AC16830 /* [CP] Check Pods Manifest.lock */,
				7AFBC198210EF9CA00FDA653 /* Sources */,
				7AFBC199210EF9CA00FDA653 /* Frameworks */,
				7AFBC19A210EF9CA00FDA653 /* Resources */,
				E89D555AD080BF033D7DCE5A /* [CP] Embed Pods Frameworks */,
			);
			buildRules = (
			);
			dependencies = (
			);
			name = ChallengeCountries;
			productName = ChallengeCountries;
			productReference = 7AFBC19C210EF9CA00FDA653 /* ChallengeCountries.app */;
			productType = "com.apple.product-type.application";
		};
/* End PBXNativeTarget section */

/* Begin PBXProject section */
		7AFBC194210EF9CA00FDA653 /* Project object */ = {
			isa = PBXProject;
			attributes = {
				LastSwiftUpdateCheck = 0940;
				LastUpgradeCheck = 0940;
				ORGANIZATIONNAME = "Pavel Prokofyev";
				TargetAttributes = {
					7AFBC19B210EF9CA00FDA653 = {
						CreatedOnToolsVersion = 9.4.1;
					};
				};
			};
			buildConfigurationList = 7AFBC197210EF9CA00FDA653 /* Build configuration list for PBXProject "ChallengeCountries" */;
			compatibilityVersion = "Xcode 9.3";
			developmentRegion = en;
			hasScannedForEncodings = 0;
			knownRegions = (
				en,
				Base,
			);
			mainGroup = 7AFBC193210EF9CA00FDA653;
			productRefGroup = 7AFBC19D210EF9CA00FDA653 /* Products */;
			projectDirPath = "";
			projectRoot = "";
			targets = (
				7AFBC19B210EF9CA00FDA653 /* ChallengeCountries */,
			);
		};
/* End PBXProject section */

/* Begin PBXResourcesBuildPhase section */
		7AFBC19A210EF9CA00FDA653 /* Resources */ = {
			isa = PBXResourcesBuildPhase;
			buildActionMask = 2147483647;
			files = (
				7AFBC1AA210EF9CB00FDA653 /* LaunchScreen.storyboard in Resources */,
				7AFBC1A7210EF9CB00FDA653 /* Assets.xcassets in Resources */,
				7AFBC1A5210EF9CA00FDA653 /* Main.storyboard in Resources */,
			);
			runOnlyForDeploymentPostprocessing = 0;
		};
/* End PBXResourcesBuildPhase section */

/* Begin PBXShellScriptBuildPhase section */
		E89D555AD080BF033D7DCE5A /* [CP] Embed Pods Frameworks */ = {
			isa = PBXShellScriptBuildPhase;
			buildActionMask = 2147483647;
			files = (
			);
			inputPaths = (
				"${SRCROOT}/Pods/Target Support Files/Pods-ChallengeCountries/Pods-ChallengeCountries-frameworks.sh",
				"${BUILT_PRODUCTS_DIR}/Alamofire/Alamofire.framework",
			);
			name = "[CP] Embed Pods Frameworks";
			outputPaths = (
				"${TARGET_BUILD_DIR}/${FRAMEWORKS_FOLDER_PATH}/Alamofire.framework",
			);
			runOnlyForDeploymentPostprocessing = 0;
			shellPath = /bin/sh;
			shellScript = "\"${SRCROOT}/Pods/Target Support Files/Pods-ChallengeCountries/Pods-ChallengeCountries-frameworks.sh\"\n";
			showEnvVarsInLog = 0;
		};
		F79B7996A0E183FE8AC16830 /* [CP] Check Pods Manifest.lock */ = {
			isa = PBXShellScriptBuildPhase;
			buildActionMask = 2147483647;
			files = (
			);
			inputPaths = (
				"${PODS_PODFILE_DIR_PATH}/Podfile.lock",
				"${PODS_ROOT}/Manifest.lock",
			);
			name = "[CP] Check Pods Manifest.lock";
			outputPaths = (
				"$(DERIVED_FILE_DIR)/Pods-ChallengeCountries-checkManifestLockResult.txt",
			);
			runOnlyForDeploymentPostprocessing = 0;
			shellPath = /bin/sh;
			shellScript = "diff \"${PODS_PODFILE_DIR_PATH}/Podfile.lock\" \"${PODS_ROOT}/Manifest.lock\" > /dev/null\nif [ $? != 0 ] ; then\n    # print error to STDERR\n    echo \"error: The sandbox is not in sync with the Podfile.lock. Run 'pod install' or update your CocoaPods installation.\" >&2\n    exit 1\nfi\n# This output is used by Xcode 'outputs' to avoid re-running this script phase.\necho \"SUCCESS\" > \"${SCRIPT_OUTPUT_FILE_0}\"\n";
			showEnvVarsInLog = 0;
		};
/* End PBXShellScriptBuildPhase section */

/* Begin PBXSourcesBuildPhase section */
		7AFBC198210EF9CA00FDA653 /* Sources */ = {
			isa = PBXSourcesBuildPhase;
			buildActionMask = 2147483647;
			files = (
				7A596E9E2134707500A57627 /* DownloadablePhoto.swift in Sources */,
				7AFBC1B62110674800FDA653 /* CountriesJSONParser.swift in Sources */,
				7A596E9C213464FC00A57627 /* CountriesListData.swift in Sources */,
				7A003C1021391ACA0058F246 /* Countries.xcdatamodeld in Sources */,
				7A596E9A213452A900A57627 /* FileManager+Extension.swift in Sources */,
				7AFBC1BA2111D34200FDA653 /* CountryDetailsViewController.swift in Sources */,
				7AFBC1A2210EF9CA00FDA653 /* CountriesListViewController.swift in Sources */,
				7AFBC1B821119D5D00FDA653 /* CountryCell.swift in Sources */,
				7AFBC1BC21131A5500FDA653 /* CountriesNavigationController.swift in Sources */,
				7AFBC1B2210EFD2E00FDA653 /* Country.swift in Sources */,
				7AFBC1B4210F035D00FDA653 /* CountriesRepo.swift in Sources */,
				7AFBC1A0210EF9CA00FDA653 /* AppDelegate.swift in Sources */,
				7AFBC1C6211ADA3F00FDA653 /* ImageSliderView.swift in Sources */,
			);
			runOnlyForDeploymentPostprocessing = 0;
		};
/* End PBXSourcesBuildPhase section */

/* Begin PBXVariantGroup section */
		7AFBC1A3210EF9CA00FDA653 /* Main.storyboard */ = {
			isa = PBXVariantGroup;
			children = (
				7AFBC1A4210EF9CA00FDA653 /* Base */,
			);
			name = Main.storyboard;
			sourceTree = "<group>";
		};
		7AFBC1A8210EF9CB00FDA653 /* LaunchScreen.storyboard */ = {
			isa = PBXVariantGroup;
			children = (
				7AFBC1A9210EF9CB00FDA653 /* Base */,
			);
			name = LaunchScreen.storyboard;
			sourceTree = "<group>";
		};
/* End PBXVariantGroup section */

/* Begin XCBuildConfiguration section */
		7AFBC1AC210EF9CB00FDA653 /* Debug */ = {
			isa = XCBuildConfiguration;
			buildSettings = {
				ALWAYS_SEARCH_USER_PATHS = NO;
				CLANG_ANALYZER_NONNULL = YES;
				CLANG_ANALYZER_NUMBER_OBJECT_CONVERSION = YES_AGGRESSIVE;
				CLANG_CXX_LANGUAGE_STANDARD = "gnu++14";
				CLANG_CXX_LIBRARY = "libc++";
				CLANG_ENABLE_MODULES = YES;
				CLANG_ENABLE_OBJC_ARC = YES;
				CLANG_ENABLE_OBJC_WEAK = YES;
				CLANG_WARN_BLOCK_CAPTURE_AUTORELEASING = YES;
				CLANG_WARN_BOOL_CONVERSION = YES;
				CLANG_WARN_COMMA = YES;
				CLANG_WARN_CONSTANT_CONVERSION = YES;
				CLANG_WARN_DEPRECATED_OBJC_IMPLEMENTATIONS = YES;
				CLANG_WARN_DIRECT_OBJC_ISA_USAGE = YES_ERROR;
				CLANG_WARN_DOCUMENTATION_COMMENTS = YES;
				CLANG_WARN_EMPTY_BODY = YES;
				CLANG_WARN_ENUM_CONVERSION = YES;
				CLANG_WARN_INFINITE_RECURSION = YES;
				CLANG_WARN_INT_CONVERSION = YES;
				CLANG_WARN_NON_LITERAL_NULL_CONVERSION = YES;
				CLANG_WARN_OBJC_IMPLICIT_RETAIN_SELF = YES;
				CLANG_WARN_OBJC_LITERAL_CONVERSION = YES;
				CLANG_WARN_OBJC_ROOT_CLASS = YES_ERROR;
				CLANG_WARN_RANGE_LOOP_ANALYSIS = YES;
				CLANG_WARN_STRICT_PROTOTYPES = YES;
				CLANG_WARN_SUSPICIOUS_MOVE = YES;
				CLANG_WARN_UNGUARDED_AVAILABILITY = YES_AGGRESSIVE;
				CLANG_WARN_UNREACHABLE_CODE = YES;
				CLANG_WARN__DUPLICATE_METHOD_MATCH = YES;
				CODE_SIGN_IDENTITY = "iPhone Developer";
				COPY_PHASE_STRIP = NO;
				DEBUG_INFORMATION_FORMAT = dwarf;
				ENABLE_STRICT_OBJC_MSGSEND = YES;
				ENABLE_TESTABILITY = YES;
				GCC_C_LANGUAGE_STANDARD = gnu11;
				GCC_DYNAMIC_NO_PIC = NO;
				GCC_NO_COMMON_BLOCKS = YES;
				GCC_OPTIMIZATION_LEVEL = 0;
				GCC_PREPROCESSOR_DEFINITIONS = (
					"DEBUG=1",
					"$(inherited)",
				);
				GCC_WARN_64_TO_32_BIT_CONVERSION = YES;
				GCC_WARN_ABOUT_RETURN_TYPE = YES_ERROR;
				GCC_WARN_UNDECLARED_SELECTOR = YES;
				GCC_WARN_UNINITIALIZED_AUTOS = YES_AGGRESSIVE;
				GCC_WARN_UNUSED_FUNCTION = YES;
				GCC_WARN_UNUSED_VARIABLE = YES;
				IPHONEOS_DEPLOYMENT_TARGET = 11.4;
				MTL_ENABLE_DEBUG_INFO = YES;
				ONLY_ACTIVE_ARCH = YES;
				SDKROOT = iphoneos;
				SWIFT_ACTIVE_COMPILATION_CONDITIONS = DEBUG;
				SWIFT_OPTIMIZATION_LEVEL = "-Onone";
			};
			name = Debug;
		};
		7AFBC1AD210EF9CB00FDA653 /* Release */ = {
			isa = XCBuildConfiguration;
			buildSettings = {
				ALWAYS_SEARCH_USER_PATHS = NO;
				CLANG_ANALYZER_NONNULL = YES;
				CLANG_ANALYZER_NUMBER_OBJECT_CONVERSION = YES_AGGRESSIVE;
				CLANG_CXX_LANGUAGE_STANDARD = "gnu++14";
				CLANG_CXX_LIBRARY = "libc++";
				CLANG_ENABLE_MODULES = YES;
				CLANG_ENABLE_OBJC_ARC = YES;
				CLANG_ENABLE_OBJC_WEAK = YES;
				CLANG_WARN_BLOCK_CAPTURE_AUTORELEASING = YES;
				CLANG_WARN_BOOL_CONVERSION = YES;
				CLANG_WARN_COMMA = YES;
				CLANG_WARN_CONSTANT_CONVERSION = YES;
				CLANG_WARN_DEPRECATED_OBJC_IMPLEMENTATIONS = YES;
				CLANG_WARN_DIRECT_OBJC_ISA_USAGE = YES_ERROR;
				CLANG_WARN_DOCUMENTATION_COMMENTS = YES;
				CLANG_WARN_EMPTY_BODY = YES;
				CLANG_WARN_ENUM_CONVERSION = YES;
				CLANG_WARN_INFINITE_RECURSION = YES;
				CLANG_WARN_INT_CONVERSION = YES;
				CLANG_WARN_NON_LITERAL_NULL_CONVERSION = YES;
				CLANG_WARN_OBJC_IMPLICIT_RETAIN_SELF = YES;
				CLANG_WARN_OBJC_LITERAL_CONVERSION = YES;
				CLANG_WARN_OBJC_ROOT_CLASS = YES_ERROR;
				CLANG_WARN_RANGE_LOOP_ANALYSIS = YES;
				CLANG_WARN_STRICT_PROTOTYPES = YES;
				CLANG_WARN_SUSPICIOUS_MOVE = YES;
				CLANG_WARN_UNGUARDED_AVAILABILITY = YES_AGGRESSIVE;
				CLANG_WARN_UNREACHABLE_CODE = YES;
				CLANG_WARN__DUPLICATE_METHOD_MATCH = YES;
				CODE_SIGN_IDENTITY = "iPhone Developer";
				COPY_PHASE_STRIP = NO;
				DEBUG_INFORMATION_FORMAT = "dwarf-with-dsym";
				ENABLE_NS_ASSERTIONS = NO;
				ENABLE_STRICT_OBJC_MSGSEND = YES;
				GCC_C_LANGUAGE_STANDARD = gnu11;
				GCC_NO_COMMON_BLOCKS = YES;
				GCC_WARN_64_TO_32_BIT_CONVERSION = YES;
				GCC_WARN_ABOUT_RETURN_TYPE = YES_ERROR;
				GCC_WARN_UNDECLARED_SELECTOR = YES;
				GCC_WARN_UNINITIALIZED_AUTOS = YES_AGGRESSIVE;
				GCC_WARN_UNUSED_FUNCTION = YES;
				GCC_WARN_UNUSED_VARIABLE = YES;
				IPHONEOS_DEPLOYMENT_TARGET = 11.4;
				MTL_ENABLE_DEBUG_INFO = NO;
				SDKROOT = iphoneos;
				SWIFT_COMPILATION_MODE = wholemodule;
				SWIFT_OPTIMIZATION_LEVEL = "-O";
				VALIDATE_PRODUCT = YES;
			};
			name = Release;
		};
		7AFBC1AF210EF9CB00FDA653 /* Debug */ = {
			isa = XCBuildConfiguration;
			baseConfigurationReference = 36F3D6A79C74248C57313CDF /* Pods-ChallengeCountries.debug.xcconfig */;
			buildSettings = {
				ASSETCATALOG_COMPILER_APPICON_NAME = AppIcon;
				CODE_SIGN_STYLE = Automatic;
				DEVELOPMENT_TEAM = VJ9QDXBTX6;
				INFOPLIST_FILE = ChallengeCountries/Info.plist;
				LD_RUNPATH_SEARCH_PATHS = (
					"$(inherited)",
					"@executable_path/Frameworks",
				);
				PRODUCT_BUNDLE_IDENTIFIER = com.pavelprokofyev.ChallengeCountries;
				PRODUCT_NAME = "$(TARGET_NAME)";
				SWIFT_VERSION = 4.0;
				TARGETED_DEVICE_FAMILY = 1;
			};
			name = Debug;
		};
		7AFBC1B0210EF9CB00FDA653 /* Release */ = {
			isa = XCBuildConfiguration;
			baseConfigurationReference = F639598D4DB6DD558913620C /* Pods-ChallengeCountries.release.xcconfig */;
			buildSettings = {
				ASSETCATALOG_COMPILER_APPICON_NAME = AppIcon;
				CODE_SIGN_STYLE = Automatic;
				DEVELOPMENT_TEAM = VJ9QDXBTX6;
				INFOPLIST_FILE = ChallengeCountries/Info.plist;
				LD_RUNPATH_SEARCH_PATHS = (
					"$(inherited)",
					"@executable_path/Frameworks",
				);
				PRODUCT_BUNDLE_IDENTIFIER = com.pavelprokofyev.ChallengeCountries;
				PRODUCT_NAME = "$(TARGET_NAME)";
				SWIFT_VERSION = 4.0;
				TARGETED_DEVICE_FAMILY = 1;
			};
			name = Release;
		};
/* End XCBuildConfiguration section */

/* Begin XCConfigurationList section */
		7AFBC197210EF9CA00FDA653 /* Build configuration list for PBXProject "ChallengeCountries" */ = {
			isa = XCConfigurationList;
			buildConfigurations = (
				7AFBC1AC210EF9CB00FDA653 /* Debug */,
				7AFBC1AD210EF9CB00FDA653 /* Release */,
			);
			defaultConfigurationIsVisible = 0;
			defaultConfigurationName = Release;
		};
		7AFBC1AE210EF9CB00FDA653 /* Build configuration list for PBXNativeTarget "ChallengeCountries" */ = {
			isa = XCConfigurationList;
			buildConfigurations = (
				7AFBC1AF210EF9CB00FDA653 /* Debug */,
				7AFBC1B0210EF9CB00FDA653 /* Release */,
			);
			defaultConfigurationIsVisible = 0;
			defaultConfigurationName = Release;
		};
/* End XCConfigurationList section */

/* Begin XCVersionGroup section */
		7A003C0E21391ACA0058F246 /* Countries.xcdatamodeld */ = {
			isa = XCVersionGroup;
			children = (
				7A003C0F21391ACA0058F246 /* Countries.xcdatamodel */,
			);
			currentVersion = 7A003C0F21391ACA0058F246 /* Countries.xcdatamodel */;
			path = Countries.xcdatamodeld;
			sourceTree = "<group>";
			versionGroupType = wrapper.xcdatamodel;
		};
/* End XCVersionGroup section */
	};
	rootObject = 7AFBC194210EF9CA00FDA653 /* Project object */;
}
